// !$*UTF8*$!
{
	archiveVersion = 1;
	classes = {
	};
	objectVersion = 51;
	objects = {

/* Begin PBXBuildFile section */
		21066D5BAB1EE22826BA0160 /* Pods_SwiftStudy.framework in Frameworks */ = {isa = PBXBuildFile; fileRef = B8D0762ED278C71F63B6072E /* Pods_SwiftStudy.framework */; };
		A71542222786DA45008ABA4D /* RichLabelVC.swift in Sources */ = {isa = PBXBuildFile; fileRef = A71542212786DA45008ABA4D /* RichLabelVC.swift */; };
		A71C52092763450500672788 /* PopSecondVC.swift in Sources */ = {isa = PBXBuildFile; fileRef = A71C52082763450500672788 /* PopSecondVC.swift */; };
		A71C520B276345A100672788 /* PopTabbarVC.swift in Sources */ = {isa = PBXBuildFile; fileRef = A71C520A276345A100672788 /* PopTabbarVC.swift */; };
		A71C5FA7274E376800803A34 /* BaseViewController.swift in Sources */ = {isa = PBXBuildFile; fileRef = A71C5FA6274E376800803A34 /* BaseViewController.swift */; };
		A71C5FA9274E382B00803A34 /* GradientLayerController.swift in Sources */ = {isa = PBXBuildFile; fileRef = A71C5FA8274E382B00803A34 /* GradientLayerController.swift */; };
		A7239D8927968DFD00958B90 /* flow_h.json in Resources */ = {isa = PBXBuildFile; fileRef = A7239D8727968DFD00958B90 /* flow_h.json */; };
		A7239D8A27968DFD00958B90 /* flow_v.json in Resources */ = {isa = PBXBuildFile; fileRef = A7239D8827968DFD00958B90 /* flow_v.json */; };
		A750F44C275DDE9D004C4FAD /* ClassA.swift in Sources */ = {isa = PBXBuildFile; fileRef = A750F44B275DDE9D004C4FAD /* ClassA.swift */; };
		A750F450275DED50004C4FAD /* PopupScheduler.swift in Sources */ = {isa = PBXBuildFile; fileRef = A750F44F275DED50004C4FAD /* PopupScheduler.swift */; };
		A750F454275DEE34004C4FAD /* Base.m in Sources */ = {isa = PBXBuildFile; fileRef = A750F453275DEE34004C4FAD /* Base.m */; };
		A750F456275DEF21004C4FAD /* PopupMaskView.swift in Sources */ = {isa = PBXBuildFile; fileRef = A750F455275DEF21004C4FAD /* PopupMaskView.swift */; };
		A750F458275F2E6C004C4FAD /* PopOneVC.swift in Sources */ = {isa = PBXBuildFile; fileRef = A750F457275F2E6C004C4FAD /* PopOneVC.swift */; };
		A750F45A275F375F004C4FAD /* NormalPopupView.swift in Sources */ = {isa = PBXBuildFile; fileRef = A750F459275F375E004C4FAD /* NormalPopupView.swift */; };
		A773149827FEE5D700145196 /* GIFViewController.swift in Sources */ = {isa = PBXBuildFile; fileRef = A773149727FEE5D700145196 /* GIFViewController.swift */; };
		A773149A27FEF62E00145196 /* load.gif in Resources */ = {isa = PBXBuildFile; fileRef = A773149927FEF62E00145196 /* load.gif */; };
		A773149C27FEF9F300145196 /* TJHUD.swift in Sources */ = {isa = PBXBuildFile; fileRef = A773149B27FEF9F300145196 /* TJHUD.swift */; };
		A786DAF026DA37DF00F332A1 /* AppDelegate.swift in Sources */ = {isa = PBXBuildFile; fileRef = A786DAEF26DA37DF00F332A1 /* AppDelegate.swift */; };
		A786DAF226DA37DF00F332A1 /* SceneDelegate.swift in Sources */ = {isa = PBXBuildFile; fileRef = A786DAF126DA37DF00F332A1 /* SceneDelegate.swift */; };
		A786DAF426DA37DF00F332A1 /* ViewController.swift in Sources */ = {isa = PBXBuildFile; fileRef = A786DAF326DA37DF00F332A1 /* ViewController.swift */; };
		A786DAF726DA37DF00F332A1 /* Main.storyboard in Resources */ = {isa = PBXBuildFile; fileRef = A786DAF526DA37DF00F332A1 /* Main.storyboard */; };
		A786DAF926DA37E200F332A1 /* Assets.xcassets in Resources */ = {isa = PBXBuildFile; fileRef = A786DAF826DA37E200F332A1 /* Assets.xcassets */; };
		A786DAFC26DA37E200F332A1 /* LaunchScreen.storyboard in Resources */ = {isa = PBXBuildFile; fileRef = A786DAFA26DA37E200F332A1 /* LaunchScreen.storyboard */; };
		A7B343D927547D8800EC6307 /* ImageViewController.swift in Sources */ = {isa = PBXBuildFile; fileRef = A7B343D827547D8800EC6307 /* ImageViewController.swift */; };
		A7B63E0A27A11955003C7CE6 /* TabCardVC.swift in Sources */ = {isa = PBXBuildFile; fileRef = A7B63E0927A11955003C7CE6 /* TabCardVC.swift */; };
		A7C5EE9A276B52520068F4E9 /* PopView.swift in Sources */ = {isa = PBXBuildFile; fileRef = A7C5EE99276B52520068F4E9 /* PopView.swift */; };
		A7CB4A1A279E49CB00965645 /* TabCardView.swift in Sources */ = {isa = PBXBuildFile; fileRef = A7CB4A19279E49CB00965645 /* TabCardView.swift */; };
		A7FBBFB7278D56E000921561 /* WebViewController.swift in Sources */ = {isa = PBXBuildFile; fileRef = A7FBBFB6278D56E000921561 /* WebViewController.swift */; };
		A7FBBFB9278D5E3100921561 /* TJWebContent.txt in Resources */ = {isa = PBXBuildFile; fileRef = A7FBBFB8278D5E3100921561 /* TJWebContent.txt */; };
		A7FD7CA92759E37A00C2B3AD /* PopoverController.swift in Sources */ = {isa = PBXBuildFile; fileRef = A7FD7CA82759E37A00C2B3AD /* PopoverController.swift */; };
/* End PBXBuildFile section */

/* Begin PBXFileReference section */
		190EF34C24337A82909AE6F2 /* Pods-SwiftStudy.release.xcconfig */ = {isa = PBXFileReference; includeInIndex = 1; lastKnownFileType = text.xcconfig; name = "Pods-SwiftStudy.release.xcconfig"; path = "Target Support Files/Pods-SwiftStudy/Pods-SwiftStudy.release.xcconfig"; sourceTree = "<group>"; };
		7EAA72546121828565EA794C /* Pods-SwiftStudy.debug.xcconfig */ = {isa = PBXFileReference; includeInIndex = 1; lastKnownFileType = text.xcconfig; name = "Pods-SwiftStudy.debug.xcconfig"; path = "Target Support Files/Pods-SwiftStudy/Pods-SwiftStudy.debug.xcconfig"; sourceTree = "<group>"; };
		A71542212786DA45008ABA4D /* RichLabelVC.swift */ = {isa = PBXFileReference; lastKnownFileType = sourcecode.swift; path = RichLabelVC.swift; sourceTree = "<group>"; };
		A71C52082763450500672788 /* PopSecondVC.swift */ = {isa = PBXFileReference; lastKnownFileType = sourcecode.swift; path = PopSecondVC.swift; sourceTree = "<group>"; };
		A71C520A276345A100672788 /* PopTabbarVC.swift */ = {isa = PBXFileReference; lastKnownFileType = sourcecode.swift; path = PopTabbarVC.swift; sourceTree = "<group>"; };
		A71C5FA6274E376800803A34 /* BaseViewController.swift */ = {isa = PBXFileReference; lastKnownFileType = sourcecode.swift; path = BaseViewController.swift; sourceTree = "<group>"; };
		A71C5FA8274E382B00803A34 /* GradientLayerController.swift */ = {isa = PBXFileReference; lastKnownFileType = sourcecode.swift; path = GradientLayerController.swift; sourceTree = "<group>"; };
		A7239D8727968DFD00958B90 /* flow_h.json */ = {isa = PBXFileReference; fileEncoding = 4; lastKnownFileType = text.json; path = flow_h.json; sourceTree = "<group>"; };
		A7239D8827968DFD00958B90 /* flow_v.json */ = {isa = PBXFileReference; fileEncoding = 4; lastKnownFileType = text.json; path = flow_v.json; sourceTree = "<group>"; };
		A750F44B275DDE9D004C4FAD /* ClassA.swift */ = {isa = PBXFileReference; lastKnownFileType = sourcecode.swift; path = ClassA.swift; sourceTree = "<group>"; };
		A750F44F275DED50004C4FAD /* PopupScheduler.swift */ = {isa = PBXFileReference; fileEncoding = 4; lastKnownFileType = sourcecode.swift; path = PopupScheduler.swift; sourceTree = "<group>"; };
		A750F451275DEE34004C4FAD /* SwiftStudy-Bridging-Header.h */ = {isa = PBXFileReference; lastKnownFileType = sourcecode.c.h; path = "SwiftStudy-Bridging-Header.h"; sourceTree = "<group>"; };
		A750F452275DEE34004C4FAD /* Base.h */ = {isa = PBXFileReference; lastKnownFileType = sourcecode.c.h; path = Base.h; sourceTree = "<group>"; };
		A750F453275DEE34004C4FAD /* Base.m */ = {isa = PBXFileReference; lastKnownFileType = sourcecode.c.objc; path = Base.m; sourceTree = "<group>"; };
		A750F455275DEF21004C4FAD /* PopupMaskView.swift */ = {isa = PBXFileReference; fileEncoding = 4; lastKnownFileType = sourcecode.swift; path = PopupMaskView.swift; sourceTree = "<group>"; };
		A750F457275F2E6C004C4FAD /* PopOneVC.swift */ = {isa = PBXFileReference; lastKnownFileType = sourcecode.swift; path = PopOneVC.swift; sourceTree = "<group>"; };
		A750F459275F375E004C4FAD /* NormalPopupView.swift */ = {isa = PBXFileReference; lastKnownFileType = sourcecode.swift; path = NormalPopupView.swift; sourceTree = "<group>"; };
		A773149727FEE5D700145196 /* GIFViewController.swift */ = {isa = PBXFileReference; lastKnownFileType = sourcecode.swift; path = GIFViewController.swift; sourceTree = "<group>"; };
		A773149927FEF62E00145196 /* load.gif */ = {isa = PBXFileReference; lastKnownFileType = image.gif; path = load.gif; sourceTree = "<group>"; };
		A773149B27FEF9F300145196 /* TJHUD.swift */ = {isa = PBXFileReference; lastKnownFileType = sourcecode.swift; path = TJHUD.swift; sourceTree = "<group>"; };
		A786DAEC26DA37DF00F332A1 /* SwiftStudy.app */ = {isa = PBXFileReference; explicitFileType = wrapper.application; includeInIndex = 0; path = SwiftStudy.app; sourceTree = BUILT_PRODUCTS_DIR; };
		A786DAEF26DA37DF00F332A1 /* AppDelegate.swift */ = {isa = PBXFileReference; lastKnownFileType = sourcecode.swift; path = AppDelegate.swift; sourceTree = "<group>"; };
		A786DAF126DA37DF00F332A1 /* SceneDelegate.swift */ = {isa = PBXFileReference; lastKnownFileType = sourcecode.swift; path = SceneDelegate.swift; sourceTree = "<group>"; };
		A786DAF326DA37DF00F332A1 /* ViewController.swift */ = {isa = PBXFileReference; lastKnownFileType = sourcecode.swift; path = ViewController.swift; sourceTree = "<group>"; };
		A786DAF626DA37DF00F332A1 /* Base */ = {isa = PBXFileReference; lastKnownFileType = file.storyboard; name = Base; path = Base.lproj/Main.storyboard; sourceTree = "<group>"; };
		A786DAF826DA37E200F332A1 /* Assets.xcassets */ = {isa = PBXFileReference; lastKnownFileType = folder.assetcatalog; path = Assets.xcassets; sourceTree = "<group>"; };
		A786DAFB26DA37E200F332A1 /* Base */ = {isa = PBXFileReference; lastKnownFileType = file.storyboard; name = Base; path = Base.lproj/LaunchScreen.storyboard; sourceTree = "<group>"; };
		A786DAFD26DA37E200F332A1 /* Info.plist */ = {isa = PBXFileReference; lastKnownFileType = text.plist.xml; path = Info.plist; sourceTree = "<group>"; };
		A7B343D827547D8800EC6307 /* ImageViewController.swift */ = {isa = PBXFileReference; lastKnownFileType = sourcecode.swift; path = ImageViewController.swift; sourceTree = "<group>"; };
		A7B63E0927A11955003C7CE6 /* TabCardVC.swift */ = {isa = PBXFileReference; lastKnownFileType = sourcecode.swift; path = TabCardVC.swift; sourceTree = "<group>"; };
		A7C5EE99276B52520068F4E9 /* PopView.swift */ = {isa = PBXFileReference; lastKnownFileType = sourcecode.swift; path = PopView.swift; sourceTree = "<group>"; };
		A7CB4A19279E49CB00965645 /* TabCardView.swift */ = {isa = PBXFileReference; fileEncoding = 4; lastKnownFileType = sourcecode.swift; path = TabCardView.swift; sourceTree = "<group>"; };
		A7FBBFB6278D56E000921561 /* WebViewController.swift */ = {isa = PBXFileReference; lastKnownFileType = sourcecode.swift; path = WebViewController.swift; sourceTree = "<group>"; };
		A7FBBFB8278D5E3100921561 /* TJWebContent.txt */ = {isa = PBXFileReference; fileEncoding = 4; lastKnownFileType = text; path = TJWebContent.txt; sourceTree = "<group>"; };
		A7FD7CA82759E37A00C2B3AD /* PopoverController.swift */ = {isa = PBXFileReference; lastKnownFileType = sourcecode.swift; path = PopoverController.swift; sourceTree = "<group>"; };
		B8D0762ED278C71F63B6072E /* Pods_SwiftStudy.framework */ = {isa = PBXFileReference; explicitFileType = wrapper.framework; includeInIndex = 0; path = Pods_SwiftStudy.framework; sourceTree = BUILT_PRODUCTS_DIR; };
/* End PBXFileReference section */

/* Begin PBXFrameworksBuildPhase section */
		A786DAE926DA37DF00F332A1 /* Frameworks */ = {
			isa = PBXFrameworksBuildPhase;
			buildActionMask = 2147483647;
			files = (
				21066D5BAB1EE22826BA0160 /* Pods_SwiftStudy.framework in Frameworks */,
			);
			runOnlyForDeploymentPostprocessing = 0;
		};
/* End PBXFrameworksBuildPhase section */

/* Begin PBXGroup section */
		2D222610B1E89BED8A87D931 /* Pods */ = {
			isa = PBXGroup;
			children = (
				7EAA72546121828565EA794C /* Pods-SwiftStudy.debug.xcconfig */,
				190EF34C24337A82909AE6F2 /* Pods-SwiftStudy.release.xcconfig */,
			);
			path = Pods;
			sourceTree = "<group>";
		};
		4FB1ECD4957285D2437745DB /* Frameworks */ = {
			isa = PBXGroup;
			children = (
				B8D0762ED278C71F63B6072E /* Pods_SwiftStudy.framework */,
			);
			name = Frameworks;
			sourceTree = "<group>";
		};
		A71542202786DA29008ABA4D /* RichLabel */ = {
			isa = PBXGroup;
			children = (
				A71542212786DA45008ABA4D /* RichLabelVC.swift */,
			);
			path = RichLabel;
			sourceTree = "<group>";
		};
		A71C5FA5274E252000803A34 /* GradientLayer */ = {
			isa = PBXGroup;
			children = (
				A71C5FA8274E382B00803A34 /* GradientLayerController.swift */,
			);
			path = GradientLayer;
			sourceTree = "<group>";
		};
		A750F44A275DDE88004C4FAD /* Protocol */ = {
			isa = PBXGroup;
			children = (
				A750F44B275DDE9D004C4FAD /* ClassA.swift */,
				A750F452275DEE34004C4FAD /* Base.h */,
				A750F453275DEE34004C4FAD /* Base.m */,
			);
			path = Protocol;
			sourceTree = "<group>";
		};
		A750F44E275DED45004C4FAD /* Popup */ = {
			isa = PBXGroup;
			children = (
				A71C520A276345A100672788 /* PopTabbarVC.swift */,
				A750F457275F2E6C004C4FAD /* PopOneVC.swift */,
				A71C52082763450500672788 /* PopSecondVC.swift */,
				A750F455275DEF21004C4FAD /* PopupMaskView.swift */,
				A750F44F275DED50004C4FAD /* PopupScheduler.swift */,
				A750F459275F375E004C4FAD /* NormalPopupView.swift */,
			);
			path = Popup;
			sourceTree = "<group>";
		};
		A773149627FEE5B900145196 /* GIF */ = {
			isa = PBXGroup;
			children = (
				A773149927FEF62E00145196 /* load.gif */,
				A773149727FEE5D700145196 /* GIFViewController.swift */,
				A773149B27FEF9F300145196 /* TJHUD.swift */,
			);
			path = GIF;
			sourceTree = "<group>";
		};
		A786DAE326DA37DF00F332A1 = {
			isa = PBXGroup;
			children = (
				A786DAEE26DA37DF00F332A1 /* SwiftStudy */,
				A786DAED26DA37DF00F332A1 /* Products */,
				2D222610B1E89BED8A87D931 /* Pods */,
				4FB1ECD4957285D2437745DB /* Frameworks */,
			);
			sourceTree = "<group>";
		};
		A786DAED26DA37DF00F332A1 /* Products */ = {
			isa = PBXGroup;
			children = (
				A786DAEC26DA37DF00F332A1 /* SwiftStudy.app */,
			);
			name = Products;
			sourceTree = "<group>";
		};
		A786DAEE26DA37DF00F332A1 /* SwiftStudy */ = {
			isa = PBXGroup;
			children = (
				A773149627FEE5B900145196 /* GIF */,
				A7CB4A18279E49B300965645 /* SkTabCardView */,
				A7239D8727968DFD00958B90 /* flow_h.json */,
				A7239D8827968DFD00958B90 /* flow_v.json */,
				A7FBBFB5278D56CD00921561 /* WebView */,
				A71542202786DA29008ABA4D /* RichLabel */,
				A750F44E275DED45004C4FAD /* Popup */,
				A750F44A275DDE88004C4FAD /* Protocol */,
				A7FD7CA72759E32F00C2B3AD /* Popoer */,
				A7B343D727547D5600EC6307 /* UIImage */,
				A71C5FA5274E252000803A34 /* GradientLayer */,
				A786DAEF26DA37DF00F332A1 /* AppDelegate.swift */,
				A786DAF126DA37DF00F332A1 /* SceneDelegate.swift */,
				A786DAF326DA37DF00F332A1 /* ViewController.swift */,
				A786DAF526DA37DF00F332A1 /* Main.storyboard */,
				A786DAF826DA37E200F332A1 /* Assets.xcassets */,
				A786DAFA26DA37E200F332A1 /* LaunchScreen.storyboard */,
				A750F451275DEE34004C4FAD /* SwiftStudy-Bridging-Header.h */,
				A786DAFD26DA37E200F332A1 /* Info.plist */,
				A71C5FA6274E376800803A34 /* BaseViewController.swift */,
			);
			path = SwiftStudy;
			sourceTree = "<group>";
		};
		A7B343D727547D5600EC6307 /* UIImage */ = {
			isa = PBXGroup;
			children = (
				A7B343D827547D8800EC6307 /* ImageViewController.swift */,
			);
			path = UIImage;
			sourceTree = "<group>";
		};
		A7CB4A18279E49B300965645 /* SkTabCardView */ = {
			isa = PBXGroup;
			children = (
				A7CB4A19279E49CB00965645 /* TabCardView.swift */,
				A7B63E0927A11955003C7CE6 /* TabCardVC.swift */,
			);
			path = SkTabCardView;
			sourceTree = "<group>";
		};
		A7FBBFB5278D56CD00921561 /* WebView */ = {
			isa = PBXGroup;
			children = (
				A7FBBFB8278D5E3100921561 /* TJWebContent.txt */,
				A7FBBFB6278D56E000921561 /* WebViewController.swift */,
			);
			path = WebView;
			sourceTree = "<group>";
		};
		A7FD7CA72759E32F00C2B3AD /* Popoer */ = {
			isa = PBXGroup;
			children = (
				A7FD7CA82759E37A00C2B3AD /* PopoverController.swift */,
				A7C5EE99276B52520068F4E9 /* PopView.swift */,
			);
			path = Popoer;
			sourceTree = "<group>";
		};
/* End PBXGroup section */

/* Begin PBXNativeTarget section */
		A786DAEB26DA37DF00F332A1 /* SwiftStudy */ = {
			isa = PBXNativeTarget;
			buildConfigurationList = A786DB0026DA37E200F332A1 /* Build configuration list for PBXNativeTarget "SwiftStudy" */;
			buildPhases = (
				1120979FC23CC18F2F97FFF6 /* [CP] Check Pods Manifest.lock */,
				A786DAE826DA37DF00F332A1 /* Sources */,
				A786DAE926DA37DF00F332A1 /* Frameworks */,
				A786DAEA26DA37DF00F332A1 /* Resources */,
				B29A7A465531E98A008C3D1C /* [CP] Embed Pods Frameworks */,
			);
			buildRules = (
			);
			dependencies = (
			);
			name = SwiftStudy;
			productName = SwiftStudy;
			productReference = A786DAEC26DA37DF00F332A1 /* SwiftStudy.app */;
			productType = "com.apple.product-type.application";
		};
/* End PBXNativeTarget section */

/* Begin PBXProject section */
		A786DAE426DA37DF00F332A1 /* Project object */ = {
			isa = PBXProject;
			attributes = {
				LastSwiftUpdateCheck = 1250;
				LastUpgradeCheck = 1250;
				TargetAttributes = {
					A786DAEB26DA37DF00F332A1 = {
						CreatedOnToolsVersion = 12.5.1;
						LastSwiftMigration = 1300;
					};
				};
			};
			buildConfigurationList = A786DAE726DA37DF00F332A1 /* Build configuration list for PBXProject "SwiftStudy" */;
			compatibilityVersion = "Xcode 9.3";
			developmentRegion = en;
			hasScannedForEncodings = 0;
			knownRegions = (
				en,
				Base,
			);
			mainGroup = A786DAE326DA37DF00F332A1;
			productRefGroup = A786DAED26DA37DF00F332A1 /* Products */;
			projectDirPath = "";
			projectRoot = "";
			targets = (
				A786DAEB26DA37DF00F332A1 /* SwiftStudy */,
			);
		};
/* End PBXProject section */

/* Begin PBXResourcesBuildPhase section */
		A786DAEA26DA37DF00F332A1 /* Resources */ = {
			isa = PBXResourcesBuildPhase;
			buildActionMask = 2147483647;
			files = (
				A786DAFC26DA37E200F332A1 /* LaunchScreen.storyboard in Resources */,
				A7FBBFB9278D5E3100921561 /* TJWebContent.txt in Resources */,
				A7239D8927968DFD00958B90 /* flow_h.json in Resources */,
				A786DAF926DA37E200F332A1 /* Assets.xcassets in Resources */,
				A7239D8A27968DFD00958B90 /* flow_v.json in Resources */,
				A786DAF726DA37DF00F332A1 /* Main.storyboard in Resources */,
				A773149A27FEF62E00145196 /* load.gif in Resources */,
			);
			runOnlyForDeploymentPostprocessing = 0;
		};
/* End PBXResourcesBuildPhase section */

/* Begin PBXShellScriptBuildPhase section */
		1120979FC23CC18F2F97FFF6 /* [CP] Check Pods Manifest.lock */ = {
			isa = PBXShellScriptBuildPhase;
			buildActionMask = 2147483647;
			files = (
			);
			inputFileListPaths = (
			);
			inputPaths = (
				"${PODS_PODFILE_DIR_PATH}/Podfile.lock",
				"${PODS_ROOT}/Manifest.lock",
			);
			name = "[CP] Check Pods Manifest.lock";
			outputFileListPaths = (
			);
			outputPaths = (
				"$(DERIVED_FILE_DIR)/Pods-SwiftStudy-checkManifestLockResult.txt",
			);
			runOnlyForDeploymentPostprocessing = 0;
			shellPath = /bin/sh;
			shellScript = "diff \"${PODS_PODFILE_DIR_PATH}/Podfile.lock\" \"${PODS_ROOT}/Manifest.lock\" > /dev/null\nif [ $? != 0 ] ; then\n    # print error to STDERR\n    echo \"error: The sandbox is not in sync with the Podfile.lock. Run 'pod install' or update your CocoaPods installation.\" >&2\n    exit 1\nfi\n# This output is used by Xcode 'outputs' to avoid re-running this script phase.\necho \"SUCCESS\" > \"${SCRIPT_OUTPUT_FILE_0}\"\n";
			showEnvVarsInLog = 0;
		};
		B29A7A465531E98A008C3D1C /* [CP] Embed Pods Frameworks */ = {
			isa = PBXShellScriptBuildPhase;
			buildActionMask = 2147483647;
			files = (
			);
			inputFileListPaths = (
				"${PODS_ROOT}/Target Support Files/Pods-SwiftStudy/Pods-SwiftStudy-frameworks-${CONFIGURATION}-input-files.xcfilelist",
			);
			name = "[CP] Embed Pods Frameworks";
			outputFileListPaths = (
				"${PODS_ROOT}/Target Support Files/Pods-SwiftStudy/Pods-SwiftStudy-frameworks-${CONFIGURATION}-output-files.xcfilelist",
			);
			runOnlyForDeploymentPostprocessing = 0;
			shellPath = /bin/sh;
			shellScript = "\"${PODS_ROOT}/Target Support Files/Pods-SwiftStudy/Pods-SwiftStudy-frameworks.sh\"\n";
			showEnvVarsInLog = 0;
		};
/* End PBXShellScriptBuildPhase section */

/* Begin PBXSourcesBuildPhase section */
		A786DAE826DA37DF00F332A1 /* Sources */ = {
			isa = PBXSourcesBuildPhase;
			buildActionMask = 2147483647;
			files = (
				A750F454275DEE34004C4FAD /* Base.m in Sources */,
				A7FBBFB7278D56E000921561 /* WebViewController.swift in Sources */,
				A786DAF426DA37DF00F332A1 /* ViewController.swift in Sources */,
				A7C5EE9A276B52520068F4E9 /* PopView.swift in Sources */,
				A750F456275DEF21004C4FAD /* PopupMaskView.swift in Sources */,
				A71542222786DA45008ABA4D /* RichLabelVC.swift in Sources */,
				A71C5FA9274E382B00803A34 /* GradientLayerController.swift in Sources */,
				A71C520B276345A100672788 /* PopTabbarVC.swift in Sources */,
				A7B63E0A27A11955003C7CE6 /* TabCardVC.swift in Sources */,
				A71C52092763450500672788 /* PopSecondVC.swift in Sources */,
				A7CB4A1A279E49CB00965645 /* TabCardView.swift in Sources */,
				A773149827FEE5D700145196 /* GIFViewController.swift in Sources */,
				A750F458275F2E6C004C4FAD /* PopOneVC.swift in Sources */,
				A7FD7CA92759E37A00C2B3AD /* PopoverController.swift in Sources */,
				A750F450275DED50004C4FAD /* PopupScheduler.swift in Sources */,
				A71C5FA7274E376800803A34 /* BaseViewController.swift in Sources */,
				A750F45A275F375F004C4FAD /* NormalPopupView.swift in Sources */,
				A773149C27FEF9F300145196 /* TJHUD.swift in Sources */,
				A786DAF026DA37DF00F332A1 /* AppDelegate.swift in Sources */,
				A7B343D927547D8800EC6307 /* ImageViewController.swift in Sources */,
				A750F44C275DDE9D004C4FAD /* ClassA.swift in Sources */,
				A786DAF226DA37DF00F332A1 /* SceneDelegate.swift in Sources */,
			);
			runOnlyForDeploymentPostprocessing = 0;
		};
/* End PBXSourcesBuildPhase section */

/* Begin PBXVariantGroup section */
		A786DAF526DA37DF00F332A1 /* Main.storyboard */ = {
			isa = PBXVariantGroup;
			children = (
				A786DAF626DA37DF00F332A1 /* Base */,
			);
			name = Main.storyboard;
			sourceTree = "<group>";
		};
		A786DAFA26DA37E200F332A1 /* LaunchScreen.storyboard */ = {
			isa = PBXVariantGroup;
			children = (
				A786DAFB26DA37E200F332A1 /* Base */,
			);
			name = LaunchScreen.storyboard;
			sourceTree = "<group>";
		};
/* End PBXVariantGroup section */

/* Begin XCBuildConfiguration section */
		A786DAFE26DA37E200F332A1 /* Debug */ = {
			isa = XCBuildConfiguration;
			buildSettings = {
				ALWAYS_SEARCH_USER_PATHS = NO;
				CLANG_ANALYZER_NONNULL = YES;
				CLANG_ANALYZER_NUMBER_OBJECT_CONVERSION = YES_AGGRESSIVE;
				CLANG_CXX_LANGUAGE_STANDARD = "gnu++14";
				CLANG_CXX_LIBRARY = "libc++";
				CLANG_ENABLE_MODULES = YES;
				CLANG_ENABLE_OBJC_ARC = YES;
				CLANG_ENABLE_OBJC_WEAK = YES;
				CLANG_WARN_BLOCK_CAPTURE_AUTORELEASING = YES;
				CLANG_WARN_BOOL_CONVERSION = YES;
				CLANG_WARN_COMMA = YES;
				CLANG_WARN_CONSTANT_CONVERSION = YES;
				CLANG_WARN_DEPRECATED_OBJC_IMPLEMENTATIONS = YES;
				CLANG_WARN_DIRECT_OBJC_ISA_USAGE = YES_ERROR;
				CLANG_WARN_DOCUMENTATION_COMMENTS = YES;
				CLANG_WARN_EMPTY_BODY = YES;
				CLANG_WARN_ENUM_CONVERSION = YES;
				CLANG_WARN_INFINITE_RECURSION = YES;
				CLANG_WARN_INT_CONVERSION = YES;
				CLANG_WARN_NON_LITERAL_NULL_CONVERSION = YES;
				CLANG_WARN_OBJC_IMPLICIT_RETAIN_SELF = YES;
				CLANG_WARN_OBJC_LITERAL_CONVERSION = YES;
				CLANG_WARN_OBJC_ROOT_CLASS = YES_ERROR;
				CLANG_WARN_QUOTED_INCLUDE_IN_FRAMEWORK_HEADER = YES;
				CLANG_WARN_RANGE_LOOP_ANALYSIS = YES;
				CLANG_WARN_STRICT_PROTOTYPES = YES;
				CLANG_WARN_SUSPICIOUS_MOVE = YES;
				CLANG_WARN_UNGUARDED_AVAILABILITY = YES_AGGRESSIVE;
				CLANG_WARN_UNREACHABLE_CODE = YES;
				CLANG_WARN__DUPLICATE_METHOD_MATCH = YES;
				COPY_PHASE_STRIP = NO;
				DEBUG_INFORMATION_FORMAT = dwarf;
				ENABLE_STRICT_OBJC_MSGSEND = YES;
				ENABLE_TESTABILITY = YES;
				GCC_C_LANGUAGE_STANDARD = gnu11;
				GCC_DYNAMIC_NO_PIC = NO;
				GCC_NO_COMMON_BLOCKS = YES;
				GCC_OPTIMIZATION_LEVEL = 0;
				GCC_PREPROCESSOR_DEFINITIONS = (
					"DEBUG=1",
					"$(inherited)",
				);
				GCC_WARN_64_TO_32_BIT_CONVERSION = YES;
				GCC_WARN_ABOUT_RETURN_TYPE = YES_ERROR;
				GCC_WARN_UNDECLARED_SELECTOR = YES;
				GCC_WARN_UNINITIALIZED_AUTOS = YES_AGGRESSIVE;
				GCC_WARN_UNUSED_FUNCTION = YES;
				GCC_WARN_UNUSED_VARIABLE = YES;
				IPHONEOS_DEPLOYMENT_TARGET = 13.0;
				MTL_ENABLE_DEBUG_INFO = INCLUDE_SOURCE;
				MTL_FAST_MATH = YES;
				ONLY_ACTIVE_ARCH = YES;
				SDKROOT = iphoneos;
				SWIFT_ACTIVE_COMPILATION_CONDITIONS = DEBUG;
				SWIFT_OPTIMIZATION_LEVEL = "-Onone";
			};
			name = Debug;
		};
		A786DAFF26DA37E200F332A1 /* Release */ = {
			isa = XCBuildConfiguration;
			buildSettings = {
				ALWAYS_SEARCH_USER_PATHS = NO;
				CLANG_ANALYZER_NONNULL = YES;
				CLANG_ANALYZER_NUMBER_OBJECT_CONVERSION = YES_AGGRESSIVE;
				CLANG_CXX_LANGUAGE_STANDARD = "gnu++14";
				CLANG_CXX_LIBRARY = "libc++";
				CLANG_ENABLE_MODULES = YES;
				CLANG_ENABLE_OBJC_ARC = YES;
				CLANG_ENABLE_OBJC_WEAK = YES;
				CLANG_WARN_BLOCK_CAPTURE_AUTORELEASING = YES;
				CLANG_WARN_BOOL_CONVERSION = YES;
				CLANG_WARN_COMMA = YES;
				CLANG_WARN_CONSTANT_CONVERSION = YES;
				CLANG_WARN_DEPRECATED_OBJC_IMPLEMENTATIONS = YES;
				CLANG_WARN_DIRECT_OBJC_ISA_USAGE = YES_ERROR;
				CLANG_WARN_DOCUMENTATION_COMMENTS = YES;
				CLANG_WARN_EMPTY_BODY = YES;
				CLANG_WARN_ENUM_CONVERSION = YES;
				CLANG_WARN_INFINITE_RECURSION = YES;
				CLANG_WARN_INT_CONVERSION = YES;
				CLANG_WARN_NON_LITERAL_NULL_CONVERSION = YES;
				CLANG_WARN_OBJC_IMPLICIT_RETAIN_SELF = YES;
				CLANG_WARN_OBJC_LITERAL_CONVERSION = YES;
				CLANG_WARN_OBJC_ROOT_CLASS = YES_ERROR;
				CLANG_WARN_QUOTED_INCLUDE_IN_FRAMEWORK_HEADER = YES;
				CLANG_WARN_RANGE_LOOP_ANALYSIS = YES;
				CLANG_WARN_STRICT_PROTOTYPES = YES;
				CLANG_WARN_SUSPICIOUS_MOVE = YES;
				CLANG_WARN_UNGUARDED_AVAILABILITY = YES_AGGRESSIVE;
				CLANG_WARN_UNREACHABLE_CODE = YES;
				CLANG_WARN__DUPLICATE_METHOD_MATCH = YES;
				COPY_PHASE_STRIP = NO;
				DEBUG_INFORMATION_FORMAT = "dwarf-with-dsym";
				ENABLE_NS_ASSERTIONS = NO;
				ENABLE_STRICT_OBJC_MSGSEND = YES;
				GCC_C_LANGUAGE_STANDARD = gnu11;
				GCC_NO_COMMON_BLOCKS = YES;
				GCC_WARN_64_TO_32_BIT_CONVERSION = YES;
				GCC_WARN_ABOUT_RETURN_TYPE = YES_ERROR;
				GCC_WARN_UNDECLARED_SELECTOR = YES;
				GCC_WARN_UNINITIALIZED_AUTOS = YES_AGGRESSIVE;
				GCC_WARN_UNUSED_FUNCTION = YES;
				GCC_WARN_UNUSED_VARIABLE = YES;
				IPHONEOS_DEPLOYMENT_TARGET = 13.0;
				MTL_ENABLE_DEBUG_INFO = NO;
				MTL_FAST_MATH = YES;
				SDKROOT = iphoneos;
				SWIFT_COMPILATION_MODE = wholemodule;
				SWIFT_OPTIMIZATION_LEVEL = "-O";
				VALIDATE_PRODUCT = YES;
			};
			name = Release;
		};
		A786DB0126DA37E200F332A1 /* Debug */ = {
			isa = XCBuildConfiguration;
			baseConfigurationReference = 7EAA72546121828565EA794C /* Pods-SwiftStudy.debug.xcconfig */;
			buildSettings = {
				ASSETCATALOG_COMPILER_APPICON_NAME = AppIcon;
				ASSETCATALOG_COMPILER_GLOBAL_ACCENT_COLOR_NAME = AccentColor;
				CLANG_ENABLE_MODULES = YES;
				CODE_SIGN_STYLE = Automatic;
				DEVELOPMENT_TEAM = 97X5Y4QNHC;
				INFOPLIST_FILE = SwiftStudy/Info.plist;
				LD_RUNPATH_SEARCH_PATHS = (
					"$(inherited)",
					"@executable_path/Frameworks",
				);
				PRODUCT_BUNDLE_IDENTIFIER = nettop.SwiftStudy;
				PRODUCT_NAME = "$(TARGET_NAME)";
				SWIFT_OBJC_BRIDGING_HEADER = "SwiftStudy/SwiftStudy-Bridging-Header.h";
				SWIFT_OPTIMIZATION_LEVEL = "-Onone";
				SWIFT_VERSION = 5.0;
				TARGETED_DEVICE_FAMILY = "1,2";
			};
			name = Debug;
		};
		A786DB0226DA37E200F332A1 /* Release */ = {
			isa = XCBuildConfiguration;
			baseConfigurationReference = 190EF34C24337A82909AE6F2 /* Pods-SwiftStudy.release.xcconfig */;
			buildSettings = {
				ASSETCATALOG_COMPILER_APPICON_NAME = AppIcon;
				ASSETCATALOG_COMPILER_GLOBAL_ACCENT_COLOR_NAME = AccentColor;
				CLANG_ENABLE_MODULES = YES;
				CODE_SIGN_STYLE = Automatic;
				DEVELOPMENT_TEAM = 97X5Y4QNHC;
				INFOPLIST_FILE = SwiftStudy/Info.plist;
				LD_RUNPATH_SEARCH_PATHS = (
					"$(inherited)",
					"@executable_path/Frameworks",
				);
				PRODUCT_BUNDLE_IDENTIFIER = nettop.SwiftStudy;
				PRODUCT_NAME = "$(TARGET_NAME)";
				SWIFT_OBJC_BRIDGING_HEADER = "SwiftStudy/SwiftStudy-Bridging-Header.h";
				SWIFT_VERSION = 5.0;
				TARGETED_DEVICE_FAMILY = "1,2";
			};
			name = Release;
		};
/* End XCBuildConfiguration section */

/* Begin XCConfigurationList section */
		A786DAE726DA37DF00F332A1 /* Build configuration list for PBXProject "SwiftStudy" */ = {
			isa = XCConfigurationList;
			buildConfigurations = (
				A786DAFE26DA37E200F332A1 /* Debug */,
				A786DAFF26DA37E200F332A1 /* Release */,
			);
			defaultConfigurationIsVisible = 0;
			defaultConfigurationName = Release;
		};
		A786DB0026DA37E200F332A1 /* Build configuration list for PBXNativeTarget "SwiftStudy" */ = {
			isa = XCConfigurationList;
			buildConfigurations = (
				A786DB0126DA37E200F332A1 /* Debug */,
				A786DB0226DA37E200F332A1 /* Release */,
			);
			defaultConfigurationIsVisible = 0;
			defaultConfigurationName = Release;
		};
/* End XCConfigurationList section */
	};
	rootObject = A786DAE426DA37DF00F332A1 /* Project object */;
}
