PODS:
  - AMPopTip (4.6.1)
  - lottie-ios (3.2.3)
  - Popover (1.3.0)
  - ProgressHUD (2.70)
  - RxCocoa (4.5.0):
    - RxSwift (>= 4.4.2, ~> 4.4)
  - RxGesture (2.2.0):
    - RxCocoa (~> 4.5)
    - RxSwift (~> 4.5)
  - RxSwift (4.5.0)
  - SnapKit (5.0.1)
  - SwifterSwift (5.2.0):
    - SwifterSwift/AppKit (= 5.2.0)
    - SwifterSwift/CoreAnimation (= 5.2.0)
    - SwifterSwift/CoreGraphics (= 5.2.0)
    - SwifterSwift/CoreLocation (= 5.2.0)
    - SwifterSwift/Dispatch (= 5.2.0)
    - SwifterSwift/Foundation (= 5.2.0)
    - SwifterSwift/MapKit (= 5.2.0)
    - SwifterSwift/SceneKit (= 5.2.0)
    - SwifterSwift/SpriteKit (= 5.2.0)
    - SwifterSwift/StoreKit (= 5.2.0)
    - SwifterSwift/SwiftStdlib (= 5.2.0)
    - SwifterSwift/UIKit (= 5.2.0)
  - SwifterSwift/AppKit (5.2.0)
  - SwifterSwift/CoreAnimation (5.2.0)
  - SwifterSwift/CoreGraphics (5.2.0)
  - SwifterSwift/CoreLocation (5.2.0)
  - SwifterSwift/Dispatch (5.2.0)
  - SwifterSwift/Foundation (5.2.0)
  - SwifterSwift/MapKit (5.2.0)
  - SwifterSwift/SceneKit (5.2.0)
  - SwifterSwift/SpriteKit (5.2.0)
  - SwifterSwift/StoreKit (5.2.0)
  - SwifterSwift/SwiftStdlib (5.2.0)
  - SwifterSwift/UIKit (5.2.0)

DEPENDENCIES:
  - AMPopTip (~> 4.6.1)
  - lottie-ios (~> 3.2.3)
  - Popover
  - ProgressHUD
  - RxCocoa
  - RxGesture
  - RxSwift
  - SnapKit
  - SwifterSwift

SPEC REPOS:
  trunk:
    - AMPopTip
    - lottie-ios
    - Popover
    - ProgressHUD
    - RxCocoa
    - RxGesture
    - RxSwift
    - SnapKit
    - SwifterSwift

SPEC CHECKSUMS:
  AMPopTip: a9384bcc42013831dcce185d8687b0abf946496b
  lottie-ios: c058aeafa76daa4cf64d773554bccc8385d0150e
  Popover: 10e1d9528f81d9504df984b7b3f491292bc1822d
  ProgressHUD: e603e8b8622c47d8818b9fb38b3cfe9d3e7ca421
  RxCocoa: cbf70265dc65a981d4ac982e513c10cf23df24a0
  RxGesture: c1b7bf17166b0ef9d642a9510f8bac5785f18990
  RxSwift: f172070dfd1a93d70a9ab97a5a01166206e1c575
  SnapKit: 97b92857e3df3a0c71833cce143274bf6ef8e5eb
  SwifterSwift: 334181863c416882d97b7a60c05054d9e4d799e2

PODFILE CHECKSUM: f5c63744061534626202ceba1470235a8a25ff67

COCOAPODS: 1.11.3
